
Microsoft Visual Studio Solution File, Format Version 12.00
# Visual Studio 14
VisualStudioVersion = 14.0.24720.0
MinimumVisualStudioVersion = 10.0.40219.1
Project("{FAE04EC0-301F-11D3-BF4B-00C04F79EFBC}") = "UCollections", "UCollections\UCollections.csproj", "{6BD64916-3619-4582-9BDD-7B1E7F6FFAB8}"
EndProject
Project("{FAE04EC0-301F-11D3-BF4B-00C04F79EFBC}") = "Extensions", "Extensions\Extensions.csproj", "{24FBF9D4-9F17-4829-9385-4315D1885EEB}"
EndProject
Global
	GlobalSection(SolutionConfigurationPlatforms) = preSolution
		Debug|Any CPU = Debug|Any CPU
		Release|Any CPU = Release|Any CPU
	EndGlobalSection
	GlobalSection(ProjectConfigurationPlatforms) = postSolution
		{6BD64916-3619-4582-9BDD-7B1E7F6FFAB8}.Debug|Any CPU.ActiveCfg = Debug|Any CPU
		{6BD64916-3619-4582-9BDD-7B1E7F6FFAB8}.Debug|Any CPU.Build.0 = Debug|Any CPU
		{6BD64916-3619-4582-9BDD-7B1E7F6FFAB8}.Release|Any CPU.ActiveCfg = Release|Any CPU
		{6BD64916-3619-4582-9BDD-7B1E7F6FFAB8}.Release|Any CPU.Build.0 = Release|Any CPU
		{24FBF9D4-9F17-4829-9385-4315D1885EEB}.Debug|Any CPU.ActiveCfg = Debug|Any CPU
		{24FBF9D4-9F17-4829-9385-4315D1885EEB}.Debug|Any CPU.Build.0 = Debug|Any CPU
		{24FBF9D4-9F17-4829-9385-4315D1885EEB}.Release|Any CPU.ActiveCfg = Release|Any CPU
		{24FBF9D4-9F17-4829-9385-4315D1885EEB}.Release|Any CPU.Build.0 = Release|Any CPU
	EndGlobalSection
	GlobalSection(SolutionProperties) = preSolution
		HideSolutionNode = FALSE
	EndGlobalSection
EndGlobal
